
Microsoft Visual Studio Solution File, Format Version 12.00
# Visual Studio Version 17
VisualStudioVersion = 17.7.34202.233
MinimumVisualStudioVersion = 10.0.40219.1
Project("{9A19103F-16F7-4668-BE54-9A1E7A4F7556}") = "FSDProject.Server", "FSDProject\Server\FSDProject.Server.csproj", "{5BA30585-9C7A-4341-886B-B027E5BAB8BE}"
EndProject
Project("{9A19103F-16F7-4668-BE54-9A1E7A4F7556}") = "FSDProject.Client", "FSDProject\Client\FSDProject.Client.csproj", "{B397D141-27D7-47D7-ABCF-5D3A5E4A20DF}"
EndProject
Project("{9A19103F-16F7-4668-BE54-9A1E7A4F7556}") = "FSDProject.Shared", "FSDProject\Shared\FSDProject.Shared.csproj", "{F52BBC6B-993E-490E-806D-3EDB9387566F}"
EndProject
Global
	GlobalSection(SolutionConfigurationPlatforms) = preSolution
		Debug|Any CPU = Debug|Any CPU
		Release|Any CPU = Release|Any CPU
	EndGlobalSection
	GlobalSection(ProjectConfigurationPlatforms) = postSolution
		{5BA30585-9C7A-4341-886B-B027E5BAB8BE}.Debug|Any CPU.ActiveCfg = Debug|Any CPU
		{5BA30585-9C7A-4341-886B-B027E5BAB8BE}.Debug|Any CPU.Build.0 = Debug|Any CPU
		{5BA30585-9C7A-4341-886B-B027E5BAB8BE}.Release|Any CPU.ActiveCfg = Release|Any CPU
		{5BA30585-9C7A-4341-886B-B027E5BAB8BE}.Release|Any CPU.Build.0 = Release|Any CPU
		{B397D141-27D7-47D7-ABCF-5D3A5E4A20DF}.Debug|Any CPU.ActiveCfg = Debug|Any CPU
		{B397D141-27D7-47D7-ABCF-5D3A5E4A20DF}.Debug|Any CPU.Build.0 = Debug|Any CPU
		{B397D141-27D7-47D7-ABCF-5D3A5E4A20DF}.Release|Any CPU.ActiveCfg = Release|Any CPU
		{B397D141-27D7-47D7-ABCF-5D3A5E4A20DF}.Release|Any CPU.Build.0 = Release|Any CPU
		{F52BBC6B-993E-490E-806D-3EDB9387566F}.Debug|Any CPU.ActiveCfg = Debug|Any CPU
		{F52BBC6B-993E-490E-806D-3EDB9387566F}.Debug|Any CPU.Build.0 = Debug|Any CPU
		{F52BBC6B-993E-490E-806D-3EDB9387566F}.Release|Any CPU.ActiveCfg = Release|Any CPU
		{F52BBC6B-993E-490E-806D-3EDB9387566F}.Release|Any CPU.Build.0 = Release|Any CPU
	EndGlobalSection
	GlobalSection(SolutionProperties) = preSolution
		HideSolutionNode = FALSE
	EndGlobalSection
	GlobalSection(ExtensibilityGlobals) = postSolution
		SolutionGuid = {019E2D1F-F1ED-46E7-B5C9-110EFEB95792}
	EndGlobalSection
EndGlobal
